
Microsoft Visual Studio Solution File, Format Version 12.00
# Visual Studio 15
VisualStudioVersion = 15.0.27130.2024
MinimumVisualStudioVersion = 10.0.40219.1
Project("{9A19103F-16F7-4668-BE54-9A1E7A4F7556}") = "SlackNotifier", "src\SlackNotifier\SlackNotifier.csproj", "{64C9BD59-D64B-4D3F-A0CE-2B0C2E34DBC5}"
EndProject
Project("{2150E333-8FDC-42A3-9474-1A3956D46DE8}") = "Tests", "Tests", "{9FD24B8F-B0B0-4E6F-8440-C5DDFC31CB06}"
EndProject
Project("{FAE04EC0-301F-11D3-BF4B-00C04F79EFBC}") = "SlackNotifier.Tests", "src\SlackNotifier.Tests\SlackNotifier.Tests.csproj", "{4EAFFD06-FE0D-4E38-B831-2B107B09F27C}"
EndProject
Global
	GlobalSection(SolutionConfigurationPlatforms) = preSolution
		Debug|Any CPU = Debug|Any CPU
		Release|Any CPU = Release|Any CPU
	EndGlobalSection
	GlobalSection(ProjectConfigurationPlatforms) = postSolution
		{64C9BD59-D64B-4D3F-A0CE-2B0C2E34DBC5}.Debug|Any CPU.ActiveCfg = Debug|Any CPU
		{64C9BD59-D64B-4D3F-A0CE-2B0C2E34DBC5}.Debug|Any CPU.Build.0 = Debug|Any CPU
		{64C9BD59-D64B-4D3F-A0CE-2B0C2E34DBC5}.Release|Any CPU.ActiveCfg = Release|Any CPU
		{64C9BD59-D64B-4D3F-A0CE-2B0C2E34DBC5}.Release|Any CPU.Build.0 = Release|Any CPU
		{4EAFFD06-FE0D-4E38-B831-2B107B09F27C}.Debug|Any CPU.ActiveCfg = Debug|Any CPU
		{4EAFFD06-FE0D-4E38-B831-2B107B09F27C}.Debug|Any CPU.Build.0 = Debug|Any CPU
		{4EAFFD06-FE0D-4E38-B831-2B107B09F27C}.Release|Any CPU.ActiveCfg = Release|Any CPU
		{4EAFFD06-FE0D-4E38-B831-2B107B09F27C}.Release|Any CPU.Build.0 = Release|Any CPU
	EndGlobalSection
	GlobalSection(SolutionProperties) = preSolution
		HideSolutionNode = FALSE
	EndGlobalSection
	GlobalSection(NestedProjects) = preSolution
		{4EAFFD06-FE0D-4E38-B831-2B107B09F27C} = {9FD24B8F-B0B0-4E6F-8440-C5DDFC31CB06}
	EndGlobalSection
	GlobalSection(ExtensibilityGlobals) = postSolution
		SolutionGuid = {B8FB72A6-17FA-4750-8CFB-858F06C024CD}
	EndGlobalSection
EndGlobal
